// !$*UTF8*$!
{
	archiveVersion = 1;
	classes = {
	};
	objectVersion = 77;
	objects = {

/* Begin PBXBuildFile section */
		B51DFC422FAF178900D8C101 /* Textual in Frameworks */ = {isa = PBXBuildFile; productRef = B51DFC412FAF178900D8C101 /* Textual */; };
		B579DB3D2FA47EC90053BC85 /* WidgetKit.framework in Frameworks */ = {isa = PBXBuildFile; fileRef = B579DB3C2FA47EC90053BC85 /* WidgetKit.framework */; };
		B579DB3F2FA47EC90053BC85 /* SwiftUI.framework in Frameworks */ = {isa = PBXBuildFile; fileRef = B579DB3E2FA47EC90053BC85 /* SwiftUI.framework */; };
		B579DB4C2FA47ECA0053BC85 /* ThriveWoodWidgetsExtension.appex in Embed Foundation Extensions */ = {isa = PBXBuildFile; fileRef = B579DB3A2FA47EC90053BC85 /* ThriveWoodWidgetsExtension.appex */; settings = {ATTRIBUTES = (RemoveHeadersOnCopy, ); }; };
/* End PBXBuildFile section */

/* Begin PBXContainerItemProxy section */
		B579DB4A2FA47ECA0053BC85 /* PBXContainerItemProxy */ = {
			isa = PBXContainerItemProxy;
			containerPortal = B536FCB12F98EBE1009E5384 /* Project object */;
			proxyType = 1;
			remoteGlobalIDString = B579DB392FA47EC90053BC85;
			remoteInfo = ThriveWoodWidgetsExtension;
		};
/* End PBXContainerItemProxy section */

/* Begin PBXCopyFilesBuildPhase section */
		B579DB512FA47ECA0053BC85 /* Embed Foundation Extensions */ = {
			isa = PBXCopyFilesBuildPhase;
			buildActionMask = 2147483647;
			dstPath = "";
			dstSubfolderSpec = 13;
			files = (
				B579DB4C2FA47ECA0053BC85 /* ThriveWoodWidgetsExtension.appex in Embed Foundation Extensions */,
			);
			name = "Embed Foundation Extensions";
			runOnlyForDeploymentPostprocessing = 0;
		};
/* End PBXCopyFilesBuildPhase section */

/* Begin PBXFileReference section */
		B536FCB92F98EBE1009E5384 /* ThriveWood.app */ = {isa = PBXFileReference; explicitFileType = wrapper.application; includeInIndex = 0; path = ThriveWood.app; sourceTree = BUILT_PRODUCTS_DIR; };
		B579DB3A2FA47EC90053BC85 /* ThriveWoodWidgetsExtension.appex */ = {isa = PBXFileReference; explicitFileType = "wrapper.app-extension"; includeInIndex = 0; path = ThriveWoodWidgetsExtension.appex; sourceTree = BUILT_PRODUCTS_DIR; };
		B579DB3C2FA47EC90053BC85 /* WidgetKit.framework */ = {isa = PBXFileReference; lastKnownFileType = wrapper.framework; name = WidgetKit.framework; path = System/Library/Frameworks/WidgetKit.framework; sourceTree = SDKROOT; };
		B579DB3E2FA47EC90053BC85 /* SwiftUI.framework */ = {isa = PBXFileReference; lastKnownFileType = wrapper.framework; name = SwiftUI.framework; path = System/Library/Frameworks/SwiftUI.framework; sourceTree = SDKROOT; };
		B579DB522FA47EF20053BC85 /* ThriveWoodWidgetsExtension.entitlements */ = {isa = PBXFileReference; lastKnownFileType = text.plist.entitlements; path = ThriveWoodWidgetsExtension.entitlements; sourceTree = "<group>"; };
/* End PBXFileReference section */

/* Begin PBXFileSystemSynchronizedBuildFileExceptionSet section */
		B579DB502FA47ECA0053BC85 /* Exceptions for "ThriveWoodWidgets" folder in "ThriveWoodWidgetsExtension" target */ = {
			isa = PBXFileSystemSynchronizedBuildFileExceptionSet;
			membershipExceptions = (
				Info.plist,
			);
			target = B579DB392FA47EC90053BC85 /* ThriveWoodWidgetsExtension */;
		};
		B579DB542FA47F0D0053BC85 /* Exceptions for "ThriveWood" folder in "ThriveWoodWidgetsExtension" target */ = {
			isa = PBXFileSystemSynchronizedBuildFileExceptionSet;
			membershipExceptions = (
				Data/Models/FoodDomain.swift,
				Data/Models/ForestDomain.swift,
				Data/Models/HabitDomain.swift,
				Data/Models/MealDomain.swift,
				Data/Models/SportDomain.swift,
				Data/Models/UserProfile.swift,
				Data/SharedEnums.swift,
				Data/ThriveWoodSchemaV1.swift,
				Helpers/DesignSystem.swift,
				Helpers/Extensions.swift,
				Helpers/StylizedBodyShape.swift,
				Helpers/WorkoutActivityAttributes.swift,
				SharedModelContainer.swift,
			);
			target = B579DB392FA47EC90053BC85 /* ThriveWoodWidgetsExtension */;
		};
		B5EC94562F9DFB1000F4B649 /* Exceptions for "ThriveWood" folder in "ThriveWood" target */ = {
			isa = PBXFileSystemSynchronizedBuildFileExceptionSet;
			membershipExceptions = (
				Info.plist,
			);
			target = B536FCB82F98EBE1009E5384 /* ThriveWood */;
		};
/* End PBXFileSystemSynchronizedBuildFileExceptionSet section */

/* Begin PBXFileSystemSynchronizedRootGroup section */
		B536FCBB2F98EBE1009E5384 /* ThriveWood */ = {
			isa = PBXFileSystemSynchronizedRootGroup;
			exceptions = (
				B5EC94562F9DFB1000F4B649 /* Exceptions for "ThriveWood" folder in "ThriveWood" target */,
				B579DB542FA47F0D0053BC85 /* Exceptions for "ThriveWood" folder in "ThriveWoodWidgetsExtension" target */,
			);
			path = ThriveWood;
			sourceTree = "<group>";
		};
		B579DB402FA47EC90053BC85 /* ThriveWoodWidgets */ = {
			isa = PBXFileSystemSynchronizedRootGroup;
			exceptions = (
				B579DB502FA47ECA0053BC85 /* Exceptions for "ThriveWoodWidgets" folder in "ThriveWoodWidgetsExtension" target */,
			);
			path = ThriveWoodWidgets;
			sourceTree = "<group>";
		};
/* End PBXFileSystemSynchronizedRootGroup section */

/* Begin PBXFrameworksBuildPhase section */
		B536FCB62F98EBE1009E5384 /* Frameworks */ = {
			isa = PBXFrameworksBuildPhase;
			buildActionMask = 2147483647;
			files = (
				B51DFC422FAF178900D8C101 /* Textual in Frameworks */,
			);
			runOnlyForDeploymentPostprocessing = 0;
		};
		B579DB372FA47EC90053BC85 /* Frameworks */ = {
			isa = PBXFrameworksBuildPhase;
			buildActionMask = 2147483647;
			files = (
				B579DB3F2FA47EC90053BC85 /* SwiftUI.framework in Frameworks */,
				B579DB3D2FA47EC90053BC85 /* WidgetKit.framework in Frameworks */,
			);
			runOnlyForDeploymentPostprocessing = 0;
		};
/* End PBXFrameworksBuildPhase section */

/* Begin PBXGroup section */
		B536FCB02F98EBE1009E5384 = {
			isa = PBXGroup;
			children = (
				B579DB522FA47EF20053BC85 /* ThriveWoodWidgetsExtension.entitlements */,
				B536FCBB2F98EBE1009E5384 /* ThriveWood */,
				B579DB402FA47EC90053BC85 /* ThriveWoodWidgets */,
				B579DB3B2FA47EC90053BC85 /* Frameworks */,
				B536FCBA2F98EBE1009E5384 /* Products */,
			);
			sourceTree = "<group>";
			usesTabs = 0;
		};
		B536FCBA2F98EBE1009E5384 /* Products */ = {
			isa = PBXGroup;
			children = (
				B536FCB92F98EBE1009E5384 /* ThriveWood.app */,
				B579DB3A2FA47EC90053BC85 /* ThriveWoodWidgetsExtension.appex */,
			);
			name = Products;
			sourceTree = "<group>";
		};
		B579DB3B2FA47EC90053BC85 /* Frameworks */ = {
			isa = PBXGroup;
			children = (
				B579DB3C2FA47EC90053BC85 /* WidgetKit.framework */,
				B579DB3E2FA47EC90053BC85 /* SwiftUI.framework */,
			);
			name = Frameworks;
			sourceTree = "<group>";
		};
/* End PBXGroup section */

/* Begin PBXNativeTarget section */
		B536FCB82F98EBE1009E5384 /* ThriveWood */ = {
			isa = PBXNativeTarget;
			buildConfigurationList = B536FCC62F98EBE2009E5384 /* Build configuration list for PBXNativeTarget "ThriveWood" */;
			buildPhases = (
				B536FCB52F98EBE1009E5384 /* Sources */,
				B536FCB62F98EBE1009E5384 /* Frameworks */,
				B536FCB72F98EBE1009E5384 /* Resources */,
				B579DB512FA47ECA0053BC85 /* Embed Foundation Extensions */,
			);
			buildRules = (
			);
			dependencies = (
				B579DB4B2FA47ECA0053BC85 /* PBXTargetDependency */,
			);
			fileSystemSynchronizedGroups = (
				B536FCBB2F98EBE1009E5384 /* ThriveWood */,
			);
			name = ThriveWood;
			packageProductDependencies = (
				B51DFC412FAF178900D8C101 /* Textual */,
			);
			productName = ThriveWood;
			productReference = B536FCB92F98EBE1009E5384 /* ThriveWood.app */;
			productType = "com.apple.product-type.application";
		};
		B579DB392FA47EC90053BC85 /* ThriveWoodWidgetsExtension */ = {
			isa = PBXNativeTarget;
			buildConfigurationList = B579DB4D2FA47ECA0053BC85 /* Build configuration list for PBXNativeTarget "ThriveWoodWidgetsExtension" */;
			buildPhases = (
				B579DB362FA47EC90053BC85 /* Sources */,
				B579DB372FA47EC90053BC85 /* Frameworks */,
				B579DB382FA47EC90053BC85 /* Resources */,
			);
			buildRules = (
			);
			dependencies = (
			);
			fileSystemSynchronizedGroups = (
				B579DB402FA47EC90053BC85 /* ThriveWoodWidgets */,
			);
			name = ThriveWoodWidgetsExtension;
			packageProductDependencies = (
			);
			productName = ThriveWoodWidgetsExtension;
			productReference = B579DB3A2FA47EC90053BC85 /* ThriveWoodWidgetsExtension.appex */;
			productType = "com.apple.product-type.app-extension";
		};
/* End PBXNativeTarget section */

/* Begin PBXProject section */
		B536FCB12F98EBE1009E5384 /* Project object */ = {
			isa = PBXProject;
			attributes = {
				BuildIndependentTargetsInParallel = 1;
				LastSwiftUpdateCheck = 2640;
				LastUpgradeCheck = 2640;
				TargetAttributes = {
					B536FCB82F98EBE1009E5384 = {
						CreatedOnToolsVersion = 26.4.1;
					};
					B579DB392FA47EC90053BC85 = {
						CreatedOnToolsVersion = 26.4.1;
					};
				};
			};
			buildConfigurationList = B536FCB42F98EBE1009E5384 /* Build configuration list for PBXProject "ThriveWood" */;
			developmentRegion = en;
			hasScannedForEncodings = 0;
			knownRegions = (
				en,
				Base,
			);
			mainGroup = B536FCB02F98EBE1009E5384;
			minimizedProjectReferenceProxies = 1;
			packageReferences = (
				B51DFC402FAF178900D8C101 /* XCRemoteSwiftPackageReference "textual" */,
			);
			preferredProjectObjectVersion = 77;
			productRefGroup = B536FCBA2F98EBE1009E5384 /* Products */;
			projectDirPath = "";
			projectRoot = "";
			targets = (
				B536FCB82F98EBE1009E5384 /* ThriveWood */,
				B579DB392FA47EC90053BC85 /* ThriveWoodWidgetsExtension */,
			);
		};
/* End PBXProject section */

/* Begin PBXResourcesBuildPhase section */
		B536FCB72F98EBE1009E5384 /* Resources */ = {
			isa = PBXResourcesBuildPhase;
			buildActionMask = 2147483647;
			files = (
			);
			runOnlyForDeploymentPostprocessing = 0;
		};
		B579DB382FA47EC90053BC85 /* Resources */ = {
			isa = PBXResourcesBuildPhase;
			buildActionMask = 2147483647;
			files = (
			);
			runOnlyForDeploymentPostprocessing = 0;
		};
/* End PBXResourcesBuildPhase section */

/* Begin PBXSourcesBuildPhase section */
		B536FCB52F98EBE1009E5384 /* Sources */ = {
			isa = PBXSourcesBuildPhase;
			buildActionMask = 2147483647;
			files = (
			);
			runOnlyForDeploymentPostprocessing = 0;
		};
		B579DB362FA47EC90053BC85 /* Sources */ = {
			isa = PBXSourcesBuildPhase;
			buildActionMask = 2147483647;
			files = (
			);
			runOnlyForDeploymentPostprocessing = 0;
		};
/* End PBXSourcesBuildPhase section */

/* Begin PBXTargetDependency section */
		B579DB4B2FA47ECA0053BC85 /* PBXTargetDependency */ = {
			isa = PBXTargetDependency;
			target = B579DB392FA47EC90053BC85 /* ThriveWoodWidgetsExtension */;
			targetProxy = B579DB4A2FA47ECA0053BC85 /* PBXContainerItemProxy */;
		};
/* End PBXTargetDependency section */

/* Begin XCBuildConfiguration section */
		B536FCC42F98EBE2009E5384 /* Debug */ = {
			isa = XCBuildConfiguration;
			buildSettings = {
				ALWAYS_SEARCH_USER_PATHS = NO;
				ASSETCATALOG_COMPILER_GENERATE_SWIFT_ASSET_SYMBOL_EXTENSIONS = YES;
				CLANG_ANALYZER_NONNULL = YES;
				CLANG_ANALYZER_NUMBER_OBJECT_CONVERSION = YES_AGGRESSIVE;
				CLANG_CXX_LANGUAGE_STANDARD = "gnu++20";
				CLANG_ENABLE_MODULES = YES;
				CLANG_ENABLE_OBJC_ARC = YES;
				CLANG_ENABLE_OBJC_WEAK = YES;
				CLANG_WARN_BLOCK_CAPTURE_AUTORELEASING = YES;
				CLANG_WARN_BOOL_CONVERSION = YES;
				CLANG_WARN_COMMA = YES;
				CLANG_WARN_CONSTANT_CONVERSION = YES;
				CLANG_WARN_DEPRECATED_OBJC_IMPLEMENTATIONS = YES;
				CLANG_WARN_DIRECT_OBJC_ISA_USAGE = YES_ERROR;
				CLANG_WARN_DOCUMENTATION_COMMENTS = YES;
				CLANG_WARN_EMPTY_BODY = YES;
				CLANG_WARN_ENUM_CONVERSION = YES;
				CLANG_WARN_INFINITE_RECURSION = YES;
				CLANG_WARN_INT_CONVERSION = YES;
				CLANG_WARN_NON_LITERAL_NULL_CONVERSION = YES;
				CLANG_WARN_OBJC_IMPLICIT_RETAIN_SELF = YES;
				CLANG_WARN_OBJC_LITERAL_CONVERSION = YES;
				CLANG_WARN_OBJC_ROOT_CLASS = YES_ERROR;
				CLANG_WARN_QUOTED_INCLUDE_IN_FRAMEWORK_HEADER = YES;
				CLANG_WARN_RANGE_LOOP_ANALYSIS = YES;
				CLANG_WARN_STRICT_PROTOTYPES = YES;
				CLANG_WARN_SUSPICIOUS_MOVE = YES;
				CLANG_WARN_UNGUARDED_AVAILABILITY = YES_AGGRESSIVE;
				CLANG_WARN_UNREACHABLE_CODE = YES;
				CLANG_WARN__DUPLICATE_METHOD_MATCH = YES;
				COPY_PHASE_STRIP = NO;
				DEBUG_INFORMATION_FORMAT = dwarf;
				DEVELOPMENT_TEAM = U5XU7Z3LFF;
				ENABLE_STRICT_OBJC_MSGSEND = YES;
				ENABLE_TESTABILITY = YES;
				ENABLE_USER_SCRIPT_SANDBOXING = YES;
				GCC_C_LANGUAGE_STANDARD = gnu17;
				GCC_DYNAMIC_NO_PIC = NO;
				GCC_NO_COMMON_BLOCKS = YES;
				GCC_OPTIMIZATION_LEVEL = 0;
				GCC_PREPROCESSOR_DEFINITIONS = (
					"DEBUG=1",
					"$(inherited)",
				);
				GCC_WARN_64_TO_32_BIT_CONVERSION = YES;
				GCC_WARN_ABOUT_RETURN_TYPE = YES_ERROR;
				GCC_WARN_UNDECLARED_SELECTOR = YES;
				GCC_WARN_UNINITIALIZED_AUTOS = YES_AGGRESSIVE;
				GCC_WARN_UNUSED_FUNCTION = YES;
				GCC_WARN_UNUSED_VARIABLE = YES;
				IPHONEOS_DEPLOYMENT_TARGET = 26.4;
				LOCALIZATION_PREFERS_STRING_CATALOGS = YES;
				MTL_ENABLE_DEBUG_INFO = INCLUDE_SOURCE;
				MTL_FAST_MATH = YES;
				ONLY_ACTIVE_ARCH = YES;
				SDKROOT = iphoneos;
				SWIFT_ACTIVE_COMPILATION_CONDITIONS = "DEBUG $(inherited)";
				SWIFT_OPTIMIZATION_LEVEL = "-Onone";
			};
			name = Debug;
		};
		B536FCC52F98EBE2009E5384 /* Release */ = {
			isa = XCBuildConfiguration;
			buildSettings = {
				ALWAYS_SEARCH_USER_PATHS = NO;
				ASSETCATALOG_COMPILER_GENERATE_SWIFT_ASSET_SYMBOL_EXTENSIONS = YES;
				CLANG_ANALYZER_NONNULL = YES;
				CLANG_ANALYZER_NUMBER_OBJECT_CONVERSION = YES_AGGRESSIVE;
				CLANG_CXX_LANGUAGE_STANDARD = "gnu++20";
				CLANG_ENABLE_MODULES = YES;
				CLANG_ENABLE_OBJC_ARC = YES;
				CLANG_ENABLE_OBJC_WEAK = YES;
				CLANG_WARN_BLOCK_CAPTURE_AUTORELEASING = YES;
				CLANG_WARN_BOOL_CONVERSION = YES;
				CLANG_WARN_COMMA = YES;
				CLANG_WARN_CONSTANT_CONVERSION = YES;
				CLANG_WARN_DEPRECATED_OBJC_IMPLEMENTATIONS = YES;
				CLANG_WARN_DIRECT_OBJC_ISA_USAGE = YES_ERROR;
				CLANG_WARN_DOCUMENTATION_COMMENTS = YES;
				CLANG_WARN_EMPTY_BODY = YES;
				CLANG_WARN_ENUM_CONVERSION = YES;
				CLANG_WARN_INFINITE_RECURSION = YES;
				CLANG_WARN_INT_CONVERSION = YES;
				CLANG_WARN_NON_LITERAL_NULL_CONVERSION = YES;
				CLANG_WARN_OBJC_IMPLICIT_RETAIN_SELF = YES;
				CLANG_WARN_OBJC_LITERAL_CONVERSION = YES;
				CLANG_WARN_OBJC_ROOT_CLASS = YES_ERROR;
				CLANG_WARN_QUOTED_INCLUDE_IN_FRAMEWORK_HEADER = YES;
				CLANG_WARN_RANGE_LOOP_ANALYSIS = YES;
				CLANG_WARN_STRICT_PROTOTYPES = YES;
				CLANG_WARN_SUSPICIOUS_MOVE = YES;
				CLANG_WARN_UNGUARDED_AVAILABILITY = YES_AGGRESSIVE;
				CLANG_WARN_UNREACHABLE_CODE = YES;
				CLANG_WARN__DUPLICATE_METHOD_MATCH = YES;
				COPY_PHASE_STRIP = NO;
				DEBUG_INFORMATION_FORMAT = "dwarf-with-dsym";
				DEVELOPMENT_TEAM = U5XU7Z3LFF;
				ENABLE_NS_ASSERTIONS = NO;
				ENABLE_STRICT_OBJC_MSGSEND = YES;
				ENABLE_USER_SCRIPT_SANDBOXING = YES;
				GCC_C_LANGUAGE_STANDARD = gnu17;
				GCC_NO_COMMON_BLOCKS = YES;
				GCC_WARN_64_TO_32_BIT_CONVERSION = YES;
				GCC_WARN_ABOUT_RETURN_TYPE = YES_ERROR;
				GCC_WARN_UNDECLARED_SELECTOR = YES;
				GCC_WARN_UNINITIALIZED_AUTOS = YES_AGGRESSIVE;
				GCC_WARN_UNUSED_FUNCTION = YES;
				GCC_WARN_UNUSED_VARIABLE = YES;
				IPHONEOS_DEPLOYMENT_TARGET = 26.4;
				LOCALIZATION_PREFERS_STRING_CATALOGS = YES;
				MTL_ENABLE_DEBUG_INFO = NO;
				MTL_FAST_MATH = YES;
				SDKROOT = iphoneos;
				SWIFT_COMPILATION_MODE = wholemodule;
				VALIDATE_PRODUCT = YES;
			};
			name = Release;
		};
		B536FCC72F98EBE2009E5384 /* Debug */ = {
			isa = XCBuildConfiguration;
			buildSettings = {
				ASSETCATALOG_COMPILER_APPICON_NAME = AppIcon;
				ASSETCATALOG_COMPILER_GLOBAL_ACCENT_COLOR_NAME = AccentColor;
				ASSETCATALOG_COMPILER_INCLUDE_ALL_APPICON_ASSETS = YES;
				CODE_SIGN_ENTITLEMENTS = ThriveWood/ThriveWood.entitlements;
				CODE_SIGN_STYLE = Automatic;
				CURRENT_PROJECT_VERSION = 117;
				DEVELOPMENT_TEAM = U5XU7Z3LFF;
				ENABLE_PREVIEWS = YES;
				GENERATE_INFOPLIST_FILE = YES;
				INFOPLIST_FILE = ThriveWood/Info.plist;
				INFOPLIST_KEY_CFBundleDisplayName = ThriveWood;
				INFOPLIST_KEY_LSApplicationCategoryType = "public.app-category.lifestyle";
				INFOPLIST_KEY_NSCameraUsageDescription = "ThriveWood nutzt deine Kamera um Barcodes zu scannen";
				INFOPLIST_KEY_NSHealthShareUsageDescription = "ThriveWood zeigt dir Schritte und Kalorien in der Analyse an.";
				INFOPLIST_KEY_NSHealthUpdateUsageDescription = "ThriveWood speichert deine Workouts in Apple Health.";
				INFOPLIST_KEY_NSSupportsLiveActivities = YES;
				INFOPLIST_KEY_UIApplicationSceneManifest_Generation = YES;
				INFOPLIST_KEY_UIApplicationSupportsIndirectInputEvents = YES;
				INFOPLIST_KEY_UILaunchScreen_Generation = YES;
				INFOPLIST_KEY_UISupportedInterfaceOrientations = UIInterfaceOrientationPortrait;
				INFOPLIST_KEY_UISupportedInterfaceOrientations_iPad = "UIInterfaceOrientationLandscapeLeft UIInterfaceOrientationLandscapeRight UIInterfaceOrientationPortrait UIInterfaceOrientationPortraitUpsideDown";
				LD_RUNPATH_SEARCH_PATHS = (
					"$(inherited)",
					"@executable_path/Frameworks",
				);
				MARKETING_VERSION = 1.0;
				PRODUCT_BUNDLE_IDENTIFIER = com.bensiebert.ThriveWood;
				PRODUCT_NAME = "$(TARGET_NAME)";
				STRING_CATALOG_GENERATE_SYMBOLS = YES;
				SUPPORTED_PLATFORMS = "iphoneos iphonesimulator";
				SUPPORTS_MACCATALYST = NO;
				SUPPORTS_MAC_DESIGNED_FOR_IPHONE_IPAD = NO;
				SUPPORTS_XR_DESIGNED_FOR_IPHONE_IPAD = NO;
				SWIFT_APPROACHABLE_CONCURRENCY = YES;
				SWIFT_DEFAULT_ACTOR_ISOLATION = MainActor;
				SWIFT_EMIT_LOC_STRINGS = YES;
				SWIFT_UPCOMING_FEATURE_MEMBER_IMPORT_VISIBILITY = YES;
				SWIFT_VERSION = 5.0;
				TARGETED_DEVICE_FAMILY = 1;
				VERSIONING_SYSTEM = "apple-generic";
			};
			name = Debug;
		};
		B536FCC82F98EBE2009E5384 /* Release */ = {
			isa = XCBuildConfiguration;
			buildSettings = {
				ASSETCATALOG_COMPILER_APPICON_NAME = AppIcon;
				ASSETCATALOG_COMPILER_GLOBAL_ACCENT_COLOR_NAME = AccentColor;
				ASSETCATALOG_COMPILER_INCLUDE_ALL_APPICON_ASSETS = YES;
				CODE_SIGN_ENTITLEMENTS = ThriveWood/ThriveWood.entitlements;
				CODE_SIGN_STYLE = Automatic;
				CURRENT_PROJECT_VERSION = 117;
				DEVELOPMENT_TEAM = U5XU7Z3LFF;
				ENABLE_PREVIEWS = YES;
				GENERATE_INFOPLIST_FILE = YES;
				INFOPLIST_FILE = ThriveWood/Info.plist;
				INFOPLIST_KEY_CFBundleDisplayName = ThriveWood;
				INFOPLIST_KEY_LSApplicationCategoryType = "public.app-category.lifestyle";
				INFOPLIST_KEY_NSCameraUsageDescription = "ThriveWood nutzt deine Kamera um Barcodes zu scannen";
				INFOPLIST_KEY_NSHealthShareUsageDescription = "ThriveWood zeigt dir Schritte und Kalorien in der Analyse an.";
				INFOPLIST_KEY_NSHealthUpdateUsageDescription = "ThriveWood speichert deine Workouts in Apple Health.";
				INFOPLIST_KEY_NSSupportsLiveActivities = YES;
				INFOPLIST_KEY_UIApplicationSceneManifest_Generation = YES;
				INFOPLIST_KEY_UIApplicationSupportsIndirectInputEvents = YES;
				INFOPLIST_KEY_UILaunchScreen_Generation = YES;
				INFOPLIST_KEY_UISupportedInterfaceOrientations = UIInterfaceOrientationPortrait;
				INFOPLIST_KEY_UISupportedInterfaceOrientations_iPad = "UIInterfaceOrientationLandscapeLeft UIInterfaceOrientationLandscapeRight UIInterfaceOrientationPortrait UIInterfaceOrientationPortraitUpsideDown";
				LD_RUNPATH_SEARCH_PATHS = (
					"$(inherited)",
					"@executable_path/Frameworks",
				);
				MARKETING_VERSION = 1.0;
				PRODUCT_BUNDLE_IDENTIFIER = com.bensiebert.ThriveWood;
				PRODUCT_NAME = "$(TARGET_NAME)";
				STRING_CATALOG_GENERATE_SYMBOLS = YES;
				SUPPORTED_PLATFORMS = "iphoneos iphonesimulator";
				SUPPORTS_MACCATALYST = NO;
				SUPPORTS_MAC_DESIGNED_FOR_IPHONE_IPAD = NO;
				SUPPORTS_XR_DESIGNED_FOR_IPHONE_IPAD = NO;
				SWIFT_APPROACHABLE_CONCURRENCY = YES;
				SWIFT_DEFAULT_ACTOR_ISOLATION = MainActor;
				SWIFT_EMIT_LOC_STRINGS = YES;
				SWIFT_UPCOMING_FEATURE_MEMBER_IMPORT_VISIBILITY = YES;
				SWIFT_VERSION = 5.0;
				TARGETED_DEVICE_FAMILY = 1;
				VERSIONING_SYSTEM = "apple-generic";
			};
			name = Release;
		};
		B579DB4E2FA47ECA0053BC85 /* Debug */ = {
			isa = XCBuildConfiguration;
			buildSettings = {
				ASSETCATALOG_COMPILER_GLOBAL_ACCENT_COLOR_NAME = AccentColor;
				ASSETCATALOG_COMPILER_WIDGET_BACKGROUND_COLOR_NAME = WidgetBackground;
				CODE_SIGN_ENTITLEMENTS = ThriveWoodWidgetsExtension.entitlements;
				CODE_SIGN_STYLE = Automatic;
				CURRENT_PROJECT_VERSION = 117;
				DEVELOPMENT_TEAM = U5XU7Z3LFF;
				GENERATE_INFOPLIST_FILE = YES;
				INFOPLIST_FILE = ThriveWoodWidgets/Info.plist;
				INFOPLIST_KEY_CFBundleDisplayName = ThriveWoodWidgets;
				INFOPLIST_KEY_NSHumanReadableCopyright = "";
				INFOPLIST_KEY_NSSupportsLiveActivities = YES;
				LD_RUNPATH_SEARCH_PATHS = (
					"$(inherited)",
					"@executable_path/Frameworks",
					"@executable_path/../../Frameworks",
				);
				MARKETING_VERSION = 1.0;
				PRODUCT_BUNDLE_IDENTIFIER = com.bensiebert.ThriveWood.ThriveWoodWidgets;
				PRODUCT_NAME = "$(TARGET_NAME)";
				SKIP_INSTALL = YES;
				STRING_CATALOG_GENERATE_SYMBOLS = YES;
				SUPPORTED_PLATFORMS = "iphoneos iphonesimulator";
				SUPPORTS_MACCATALYST = NO;
				SUPPORTS_MAC_DESIGNED_FOR_IPHONE_IPAD = NO;
				SUPPORTS_XR_DESIGNED_FOR_IPHONE_IPAD = NO;
				SWIFT_APPROACHABLE_CONCURRENCY = YES;
				SWIFT_EMIT_LOC_STRINGS = YES;
				SWIFT_UPCOMING_FEATURE_MEMBER_IMPORT_VISIBILITY = YES;
				SWIFT_VERSION = 5.0;
				TARGETED_DEVICE_FAMILY = 1;
			};
			name = Debug;
		};
		B579DB4F2FA47ECA0053BC85 /* Release */ = {
			isa = XCBuildConfiguration;
			buildSettings = {
				ASSETCATALOG_COMPILER_GLOBAL_ACCENT_COLOR_NAME = AccentColor;
				ASSETCATALOG_COMPILER_WIDGET_BACKGROUND_COLOR_NAME = WidgetBackground;
				CODE_SIGN_ENTITLEMENTS = ThriveWoodWidgetsExtension.entitlements;
				CODE_SIGN_STYLE = Automatic;
				CURRENT_PROJECT_VERSION = 117;
				DEVELOPMENT_TEAM = U5XU7Z3LFF;
				GENERATE_INFOPLIST_FILE = YES;
				INFOPLIST_FILE = ThriveWoodWidgets/Info.plist;
				INFOPLIST_KEY_CFBundleDisplayName = ThriveWoodWidgets;
				INFOPLIST_KEY_NSHumanReadableCopyright = "";
				INFOPLIST_KEY_NSSupportsLiveActivities = YES;
				LD_RUNPATH_SEARCH_PATHS = (
					"$(inherited)",
					"@executable_path/Frameworks",
					"@executable_path/../../Frameworks",
				);
				MARKETING_VERSION = 1.0;
				PRODUCT_BUNDLE_IDENTIFIER = com.bensiebert.ThriveWood.ThriveWoodWidgets;
				PRODUCT_NAME = "$(TARGET_NAME)";
				SKIP_INSTALL = YES;
				STRING_CATALOG_GENERATE_SYMBOLS = YES;
				SUPPORTED_PLATFORMS = "iphoneos iphonesimulator";
				SUPPORTS_MACCATALYST = NO;
				SUPPORTS_MAC_DESIGNED_FOR_IPHONE_IPAD = NO;
				SUPPORTS_XR_DESIGNED_FOR_IPHONE_IPAD = NO;
				SWIFT_APPROACHABLE_CONCURRENCY = YES;
				SWIFT_EMIT_LOC_STRINGS = YES;
				SWIFT_UPCOMING_FEATURE_MEMBER_IMPORT_VISIBILITY = YES;
				SWIFT_VERSION = 5.0;
				TARGETED_DEVICE_FAMILY = 1;
			};
			name = Release;
		};
/* End XCBuildConfiguration section */

/* Begin XCConfigurationList section */
		B536FCB42F98EBE1009E5384 /* Build configuration list for PBXProject "ThriveWood" */ = {
			isa = XCConfigurationList;
			buildConfigurations = (
				B536FCC42F98EBE2009E5384 /* Debug */,
				B536FCC52F98EBE2009E5384 /* Release */,
			);
			defaultConfigurationIsVisible = 0;
			defaultConfigurationName = Release;
		};
		B536FCC62F98EBE2009E5384 /* Build configuration list for PBXNativeTarget "ThriveWood" */ = {
			isa = XCConfigurationList;
			buildConfigurations = (
				B536FCC72F98EBE2009E5384 /* Debug */,
				B536FCC82F98EBE2009E5384 /* Release */,
			);
			defaultConfigurationIsVisible = 0;
			defaultConfigurationName = Release;
		};
		B579DB4D2FA47ECA0053BC85 /* Build configuration list for PBXNativeTarget "ThriveWoodWidgetsExtension" */ = {
			isa = XCConfigurationList;
			buildConfigurations = (
				B579DB4E2FA47ECA0053BC85 /* Debug */,
				B579DB4F2FA47ECA0053BC85 /* Release */,
			);
			defaultConfigurationIsVisible = 0;
			defaultConfigurationName = Release;
		};
/* End XCConfigurationList section */

/* Begin XCRemoteSwiftPackageReference section */
		B51DFC402FAF178900D8C101 /* XCRemoteSwiftPackageReference "textual" */ = {
			isa = XCRemoteSwiftPackageReference;
			repositoryURL = "https://github.com/gonzalezreal/textual";
			requirement = {
				kind = upToNextMajorVersion;
				minimumVersion = 0.3.1;
			};
		};
/* End XCRemoteSwiftPackageReference section */

/* Begin XCSwiftPackageProductDependency section */
		B51DFC412FAF178900D8C101 /* Textual */ = {
			isa = XCSwiftPackageProductDependency;
			package = B51DFC402FAF178900D8C101 /* XCRemoteSwiftPackageReference "textual" */;
			productName = Textual;
		};
/* End XCSwiftPackageProductDependency section */
	};
	rootObject = B536FCB12F98EBE1009E5384 /* Project object */;
}
