// !$*UTF8*$!
{
	archiveVersion = 1;
	classes = {
	};
	objectVersion = 77;
	objects = {

/* Begin PBXBuildFile section */
		B518D8752FC71041007C257B /* README.md in Resources */ = {isa = PBXBuildFile; fileRef = B518D8742FC71041007C257B /* README.md */; };
		B518D8762FC71041007C257B /* HANDOFF.md in Resources */ = {isa = PBXBuildFile; fileRef = B518D8732FC71041007C257B /* HANDOFF.md */; };
		B51DFC422FAF178900D8C101 /* Textual in Frameworks */ = {isa = PBXBuildFile; productRef = B51DFC412FAF178900D8C101 /* Textual */; };
		B575A088301E2C1500580A43 /* BentoCommandPalette.swift in Sources */ = {isa = PBXBuildFile; fileRef = B575A070301E2C1500580A43 /* BentoCommandPalette.swift */; };
		B575A089301E2C1500580A43 /* BentoAdvancedControls.swift in Sources */ = {isa = PBXBuildFile; fileRef = B575A06A301E2C1500580A43 /* BentoAdvancedControls.swift */; };
		B575A08A301E2C1500580A43 /* BentoNavigation.swift in Sources */ = {isa = PBXBuildFile; fileRef = B575A07C301E2C1500580A43 /* BentoNavigation.swift */; };
		B575A08B301E2C1500580A43 /* BentoInputs.swift in Sources */ = {isa = PBXBuildFile; fileRef = B575A07A301E2C1500580A43 /* BentoInputs.swift */; };
		B575A08C301E2C1500580A43 /* BentoSentenceForm.swift in Sources */ = {isa = PBXBuildFile; fileRef = B575A07D301E2C1500580A43 /* BentoSentenceForm.swift */; };
		B575A08D301E2C1500580A43 /* BentoAdvancedInputs.swift in Sources */ = {isa = PBXBuildFile; fileRef = B575A06D301E2C1500580A43 /* BentoAdvancedInputs.swift */; };
		B575A08E301E2C1500580A43 /* BentoCreativeDataDisplay.swift in Sources */ = {isa = PBXBuildFile; fileRef = B575A074301E2C1500580A43 /* BentoCreativeDataDisplay.swift */; };
		B575A08F301E2C1500580A43 /* BentoDataDisplay.swift in Sources */ = {isa = PBXBuildFile; fileRef = B575A076301E2C1500580A43 /* BentoDataDisplay.swift */; };
		B575A090301E2C1500580A43 /* BentoCreativeControls.swift in Sources */ = {isa = PBXBuildFile; fileRef = B575A073301E2C1500580A43 /* BentoCreativeControls.swift */; };
		B575A091301E2C1500580A43 /* Package.swift in Sources */ = {isa = PBXBuildFile; fileRef = B575A086301E2C1500580A43 /* Package.swift */; };
		B575A092301E2C1500580A43 /* BentoControls.swift in Sources */ = {isa = PBXBuildFile; fileRef = B575A071301E2C1500580A43 /* BentoControls.swift */; };
		B575A093301E2C1500580A43 /* BentoTemplates.swift in Sources */ = {isa = PBXBuildFile; fileRef = B575A080301E2C1500580A43 /* BentoTemplates.swift */; };
		B575A094301E2C1500580A43 /* BentoAdvancedDataDisplay.swift in Sources */ = {isa = PBXBuildFile; fileRef = B575A06B301E2C1500580A43 /* BentoAdvancedDataDisplay.swift */; };
		B575A095301E2C1500580A43 /* BentoAdvancedExtensionDemo.swift in Sources */ = {isa = PBXBuildFile; fileRef = B575A06C301E2C1500580A43 /* BentoAdvancedExtensionDemo.swift */; };
		B575A096301E2C1500580A43 /* BentoFeedback.swift in Sources */ = {isa = PBXBuildFile; fileRef = B575A078301E2C1500580A43 /* BentoFeedback.swift */; };
		B575A097301E2C1500580A43 /* BentoFoundation.swift in Sources */ = {isa = PBXBuildFile; fileRef = B575A079301E2C1500580A43 /* BentoFoundation.swift */; };
		B575A098301E2C1500580A43 /* BentoAdvancedLayout.swift in Sources */ = {isa = PBXBuildFile; fileRef = B575A06E301E2C1500580A43 /* BentoAdvancedLayout.swift */; };
		B575A099301E2C1500580A43 /* BentoDesignSystemDemo.swift in Sources */ = {isa = PBXBuildFile; fileRef = B575A077301E2C1500580A43 /* BentoDesignSystemDemo.swift */; };
		B575A09A301E2C1500580A43 /* BentoCreativeSelection.swift in Sources */ = {isa = PBXBuildFile; fileRef = B575A075301E2C1500580A43 /* BentoCreativeSelection.swift */; };
		B575A09B301E2C1500580A43 /* BentoLayout.swift in Sources */ = {isa = PBXBuildFile; fileRef = B575A07B301E2C1500580A43 /* BentoLayout.swift */; };
		B575A09C301E2C1500580A43 /* BentoSentenceFormDemo.swift in Sources */ = {isa = PBXBuildFile; fileRef = B575A07E301E2C1500580A43 /* BentoSentenceFormDemo.swift */; };
		B575A09D301E2C1500580A43 /* BentoSentenceSelectionSheet.swift in Sources */ = {isa = PBXBuildFile; fileRef = B575A07F301E2C1500580A43 /* BentoSentenceSelectionSheet.swift */; };
		B575A09E301E2C1500580A43 /* BentoAdvancedOverlays.swift in Sources */ = {isa = PBXBuildFile; fileRef = B575A06F301E2C1500580A43 /* BentoAdvancedOverlays.swift */; };
		B575A09F301E2C1500580A43 /* BentoUnifiedShowcase.swift in Sources */ = {isa = PBXBuildFile; fileRef = B575A081301E2C1500580A43 /* BentoUnifiedShowcase.swift */; };
		B575A0A0301E2C1500580A43 /* BentoCreativeComponentsDemo.swift in Sources */ = {isa = PBXBuildFile; fileRef = B575A072301E2C1500580A43 /* BentoCreativeComponentsDemo.swift */; };
		B575A0A1301E2C1500580A43 /* doc.md in Resources */ = {isa = PBXBuildFile; fileRef = B575A085301E2C1500580A43 /* doc.md */; };
		B575A0A2301E2C1500580A43 /* .gitignore in Resources */ = {isa = PBXBuildFile; fileRef = B575A084301E2C1500580A43 /* .gitignore */; };
		B575A0A8301E2CC700580A43 /* FEATURES.md in Resources */ = {isa = PBXBuildFile; fileRef = B575A0A6301E2CC700580A43 /* FEATURES.md */; };
		B575A0A9301E2CC700580A43 /* GPT-5.6-SOL-ANALYSIS.MD in Resources */ = {isa = PBXBuildFile; fileRef = B575A0A7301E2CC700580A43 /* GPT-5.6-SOL-ANALYSIS.MD */; };
		B575A0AA301E2CC700580A43 /* CURRENT.md in Resources */ = {isa = PBXBuildFile; fileRef = B575A0A5301E2CC700580A43 /* CURRENT.md */; };
		B575A0AB301E2CC700580A43 /* BODY_PROGRESS_PLAN.md in Resources */ = {isa = PBXBuildFile; fileRef = B575A0A4301E2CC700580A43 /* BODY_PROGRESS_PLAN.md */; };
		B575A0B0301E2CDB00580A43 /* SOCIAL.MD in Resources */ = {isa = PBXBuildFile; fileRef = B575A0AE301E2CDB00580A43 /* SOCIAL.MD */; };
		B575A0B1301E2CDB00580A43 /* HOW_TO_MODIFY_SWIFT_DATA.md in Resources */ = {isa = PBXBuildFile; fileRef = B575A0AC301E2CDB00580A43 /* HOW_TO_MODIFY_SWIFT_DATA.md */; };
		B575A0B2301E2CDB00580A43 /* STYLE_GUIDE.md in Resources */ = {isa = PBXBuildFile; fileRef = B575A0AF301E2CDB00580A43 /* STYLE_GUIDE.md */; };
		B575A0B3301E2CDB00580A43 /* ROADMAP.md in Resources */ = {isa = PBXBuildFile; fileRef = B575A0AD301E2CDB00580A43 /* ROADMAP.md */; };
		B579DB3D2FA47EC90053BC85 /* WidgetKit.framework in Frameworks */ = {isa = PBXBuildFile; fileRef = B579DB3C2FA47EC90053BC85 /* WidgetKit.framework */; };
		B579DB3F2FA47EC90053BC85 /* SwiftUI.framework in Frameworks */ = {isa = PBXBuildFile; fileRef = B579DB3E2FA47EC90053BC85 /* SwiftUI.framework */; };
		B579DB4C2FA47ECA0053BC85 /* ThriveWoodWidgetsExtension.appex in Embed Foundation Extensions */ = {isa = PBXBuildFile; fileRef = B579DB3A2FA47EC90053BC85 /* ThriveWoodWidgetsExtension.appex */; settings = {ATTRIBUTES = (RemoveHeadersOnCopy, ); }; };
/* End PBXBuildFile section */

/* Begin PBXContainerItemProxy section */
		B579DB4A2FA47ECA0053BC85 /* PBXContainerItemProxy */ = {
			isa = PBXContainerItemProxy;
			containerPortal = B536FCB12F98EBE1009E5384 /* Project object */;
			proxyType = 1;
			remoteGlobalIDString = B579DB392FA47EC90053BC85;
			remoteInfo = ThriveWoodWidgetsExtension;
		};
/* End PBXContainerItemProxy section */

/* Begin PBXCopyFilesBuildPhase section */
		B579DB512FA47ECA0053BC85 /* Embed Foundation Extensions */ = {
			isa = PBXCopyFilesBuildPhase;
			buildActionMask = 2147483647;
			dstPath = "";
			dstSubfolderSpec = 13;
			files = (
				B579DB4C2FA47ECA0053BC85 /* ThriveWoodWidgetsExtension.appex in Embed Foundation Extensions */,
			);
			name = "Embed Foundation Extensions";
			runOnlyForDeploymentPostprocessing = 0;
		};
/* End PBXCopyFilesBuildPhase section */

/* Begin PBXFileReference section */
		AA00000100000000AA000001 /* GymPlanBuilder.app */ = {isa = PBXFileReference; explicitFileType = wrapper.application; includeInIndex = 0; path = GymPlanBuilder.app; sourceTree = BUILT_PRODUCTS_DIR; };
		B518D8732FC71041007C257B /* HANDOFF.md */ = {isa = PBXFileReference; lastKnownFileType = net.daringfireball.markdown; path = HANDOFF.md; sourceTree = "<group>"; };
		B518D8742FC71041007C257B /* README.md */ = {isa = PBXFileReference; lastKnownFileType = net.daringfireball.markdown; path = README.md; sourceTree = "<group>"; };
		B536FCB92F98EBE1009E5384 /* ThriveWood.app */ = {isa = PBXFileReference; explicitFileType = wrapper.application; includeInIndex = 0; path = ThriveWood.app; sourceTree = BUILT_PRODUCTS_DIR; };
		B575A06A301E2C1500580A43 /* BentoAdvancedControls.swift */ = {isa = PBXFileReference; lastKnownFileType = sourcecode.swift; path = BentoAdvancedControls.swift; sourceTree = "<group>"; };
		B575A06B301E2C1500580A43 /* BentoAdvancedDataDisplay.swift */ = {isa = PBXFileReference; lastKnownFileType = sourcecode.swift; path = BentoAdvancedDataDisplay.swift; sourceTree = "<group>"; };
		B575A06C301E2C1500580A43 /* BentoAdvancedExtensionDemo.swift */ = {isa = PBXFileReference; lastKnownFileType = sourcecode.swift; path = BentoAdvancedExtensionDemo.swift; sourceTree = "<group>"; };
		B575A06D301E2C1500580A43 /* BentoAdvancedInputs.swift */ = {isa = PBXFileReference; lastKnownFileType = sourcecode.swift; path = BentoAdvancedInputs.swift; sourceTree = "<group>"; };
		B575A06E301E2C1500580A43 /* BentoAdvancedLayout.swift */ = {isa = PBXFileReference; lastKnownFileType = sourcecode.swift; path = BentoAdvancedLayout.swift; sourceTree = "<group>"; };
		B575A06F301E2C1500580A43 /* BentoAdvancedOverlays.swift */ = {isa = PBXFileReference; lastKnownFileType = sourcecode.swift; path = BentoAdvancedOverlays.swift; sourceTree = "<group>"; };
		B575A070301E2C1500580A43 /* BentoCommandPalette.swift */ = {isa = PBXFileReference; lastKnownFileType = sourcecode.swift; path = BentoCommandPalette.swift; sourceTree = "<group>"; };
		B575A071301E2C1500580A43 /* BentoControls.swift */ = {isa = PBXFileReference; lastKnownFileType = sourcecode.swift; path = BentoControls.swift; sourceTree = "<group>"; };
		B575A072301E2C1500580A43 /* BentoCreativeComponentsDemo.swift */ = {isa = PBXFileReference; lastKnownFileType = sourcecode.swift; path = BentoCreativeComponentsDemo.swift; sourceTree = "<group>"; };
		B575A073301E2C1500580A43 /* BentoCreativeControls.swift */ = {isa = PBXFileReference; lastKnownFileType = sourcecode.swift; path = BentoCreativeControls.swift; sourceTree = "<group>"; };
		B575A074301E2C1500580A43 /* BentoCreativeDataDisplay.swift */ = {isa = PBXFileReference; lastKnownFileType = sourcecode.swift; path = BentoCreativeDataDisplay.swift; sourceTree = "<group>"; };
		B575A075301E2C1500580A43 /* BentoCreativeSelection.swift */ = {isa = PBXFileReference; lastKnownFileType = sourcecode.swift; path = BentoCreativeSelection.swift; sourceTree = "<group>"; };
		B575A076301E2C1500580A43 /* BentoDataDisplay.swift */ = {isa = PBXFileReference; lastKnownFileType = sourcecode.swift; path = BentoDataDisplay.swift; sourceTree = "<group>"; };
		B575A077301E2C1500580A43 /* BentoDesignSystemDemo.swift */ = {isa = PBXFileReference; lastKnownFileType = sourcecode.swift; path = BentoDesignSystemDemo.swift; sourceTree = "<group>"; };
		B575A078301E2C1500580A43 /* BentoFeedback.swift */ = {isa = PBXFileReference; lastKnownFileType = sourcecode.swift; path = BentoFeedback.swift; sourceTree = "<group>"; };
		B575A079301E2C1500580A43 /* BentoFoundation.swift */ = {isa = PBXFileReference; lastKnownFileType = sourcecode.swift; path = BentoFoundation.swift; sourceTree = "<group>"; };
		B575A07A301E2C1500580A43 /* BentoInputs.swift */ = {isa = PBXFileReference; lastKnownFileType = sourcecode.swift; path = BentoInputs.swift; sourceTree = "<group>"; };
		B575A07B301E2C1500580A43 /* BentoLayout.swift */ = {isa = PBXFileReference; lastKnownFileType = sourcecode.swift; path = BentoLayout.swift; sourceTree = "<group>"; };
		B575A07C301E2C1500580A43 /* BentoNavigation.swift */ = {isa = PBXFileReference; lastKnownFileType = sourcecode.swift; path = BentoNavigation.swift; sourceTree = "<group>"; };
		B575A07D301E2C1500580A43 /* BentoSentenceForm.swift */ = {isa = PBXFileReference; lastKnownFileType = sourcecode.swift; path = BentoSentenceForm.swift; sourceTree = "<group>"; };
		B575A07E301E2C1500580A43 /* BentoSentenceFormDemo.swift */ = {isa = PBXFileReference; lastKnownFileType = sourcecode.swift; path = BentoSentenceFormDemo.swift; sourceTree = "<group>"; };
		B575A07F301E2C1500580A43 /* BentoSentenceSelectionSheet.swift */ = {isa = PBXFileReference; lastKnownFileType = sourcecode.swift; path = BentoSentenceSelectionSheet.swift; sourceTree = "<group>"; };
		B575A080301E2C1500580A43 /* BentoTemplates.swift */ = {isa = PBXFileReference; lastKnownFileType = sourcecode.swift; path = BentoTemplates.swift; sourceTree = "<group>"; };
		B575A081301E2C1500580A43 /* BentoUnifiedShowcase.swift */ = {isa = PBXFileReference; lastKnownFileType = sourcecode.swift; path = BentoUnifiedShowcase.swift; sourceTree = "<group>"; };
		B575A084301E2C1500580A43 /* .gitignore */ = {isa = PBXFileReference; lastKnownFileType = text; path = .gitignore; sourceTree = "<group>"; };
		B575A085301E2C1500580A43 /* doc.md */ = {isa = PBXFileReference; lastKnownFileType = net.daringfireball.markdown; path = doc.md; sourceTree = "<group>"; };
		B575A086301E2C1500580A43 /* Package.swift */ = {isa = PBXFileReference; lastKnownFileType = sourcecode.swift; path = Package.swift; sourceTree = "<group>"; };
		B575A0A4301E2CC700580A43 /* BODY_PROGRESS_PLAN.md */ = {isa = PBXFileReference; lastKnownFileType = net.daringfireball.markdown; path = BODY_PROGRESS_PLAN.md; sourceTree = "<group>"; };
		B575A0A5301E2CC700580A43 /* CURRENT.md */ = {isa = PBXFileReference; lastKnownFileType = net.daringfireball.markdown; path = CURRENT.md; sourceTree = "<group>"; };
		B575A0A6301E2CC700580A43 /* FEATURES.md */ = {isa = PBXFileReference; lastKnownFileType = net.daringfireball.markdown; path = FEATURES.md; sourceTree = "<group>"; };
		B575A0A7301E2CC700580A43 /* GPT-5.6-SOL-ANALYSIS.MD */ = {isa = PBXFileReference; lastKnownFileType = net.daringfireball.markdown; path = "GPT-5.6-SOL-ANALYSIS.MD"; sourceTree = "<group>"; };
		B575A0AC301E2CDB00580A43 /* HOW_TO_MODIFY_SWIFT_DATA.md */ = {isa = PBXFileReference; lastKnownFileType = net.daringfireball.markdown; path = HOW_TO_MODIFY_SWIFT_DATA.md; sourceTree = "<group>"; };
		B575A0AD301E2CDB00580A43 /* ROADMAP.md */ = {isa = PBXFileReference; lastKnownFileType = net.daringfireball.markdown; path = ROADMAP.md; sourceTree = "<group>"; };
		B575A0AE301E2CDB00580A43 /* SOCIAL.MD */ = {isa = PBXFileReference; lastKnownFileType = net.daringfireball.markdown; path = SOCIAL.MD; sourceTree = "<group>"; };
		B575A0AF301E2CDB00580A43 /* STYLE_GUIDE.md */ = {isa = PBXFileReference; lastKnownFileType = net.daringfireball.markdown; path = STYLE_GUIDE.md; sourceTree = "<group>"; };
		B579DB3A2FA47EC90053BC85 /* ThriveWoodWidgetsExtension.appex */ = {isa = PBXFileReference; explicitFileType = "wrapper.app-extension"; includeInIndex = 0; path = ThriveWoodWidgetsExtension.appex; sourceTree = BUILT_PRODUCTS_DIR; };
		B579DB3C2FA47EC90053BC85 /* WidgetKit.framework */ = {isa = PBXFileReference; lastKnownFileType = wrapper.framework; name = WidgetKit.framework; path = System/Library/Frameworks/WidgetKit.framework; sourceTree = SDKROOT; };
		B579DB3E2FA47EC90053BC85 /* SwiftUI.framework */ = {isa = PBXFileReference; lastKnownFileType = wrapper.framework; name = SwiftUI.framework; path = System/Library/Frameworks/SwiftUI.framework; sourceTree = SDKROOT; };
		B579DB522FA47EF20053BC85 /* ThriveWoodWidgetsExtension.entitlements */ = {isa = PBXFileReference; lastKnownFileType = text.plist.entitlements; path = ThriveWoodWidgetsExtension.entitlements; sourceTree = "<group>"; };
/* End PBXFileReference section */

/* Begin PBXFileSystemSynchronizedBuildFileExceptionSet section */
		B579DB502FA47ECA0053BC85 /* Exceptions for "ThriveWoodWidgets" folder in "ThriveWoodWidgetsExtension" target */ = {
			isa = PBXFileSystemSynchronizedBuildFileExceptionSet;
			membershipExceptions = (
				Info.plist,
			);
			target = B579DB392FA47EC90053BC85 /* ThriveWoodWidgetsExtension */;
		};
		B579DB542FA47F0D0053BC85 /* Exceptions for "ThriveWood" folder in "ThriveWoodWidgetsExtension" target */ = {
			isa = PBXFileSystemSynchronizedBuildFileExceptionSet;
			membershipExceptions = (
				Data/AchievementDefinitions.swift,
				Data/Models/AchievementDomain.swift,
				Data/Models/BodyDomain.swift,
				Data/Models/FoodDomain.swift,
				Data/Models/ForestDomain.swift,
				Data/Models/GymDomain.swift,
				Data/Models/GymPlanExport.swift,
				Data/Models/HabitDomain.swift,
				Data/Models/HabitGroupDomain.swift,
				Data/Models/MealDomain.swift,
				Data/Models/SportDomain.swift,
				Data/Models/UserProfile.swift,
				Data/SharedEnums.swift,
				Helpers/DesignSystem.swift,
				Helpers/Extensions.swift,
				Helpers/StylizedBodyShape.swift,
				Helpers/WorkoutActivityAttributes.swift,
				SharedModelContainer.swift,
			);
			target = B579DB392FA47EC90053BC85 /* ThriveWoodWidgetsExtension */;
		};
		B5EC94562F9DFB1000F4B649 /* Exceptions for "ThriveWood" folder in "ThriveWood" target */ = {
			isa = PBXFileSystemSynchronizedBuildFileExceptionSet;
			membershipExceptions = (
				Info.plist,
			);
			target = B536FCB82F98EBE1009E5384 /* ThriveWood */;
		};
/* End PBXFileSystemSynchronizedBuildFileExceptionSet section */

/* Begin PBXFileSystemSynchronizedRootGroup section */
		B536FCBB2F98EBE1009E5384 /* ThriveWood */ = {
			isa = PBXFileSystemSynchronizedRootGroup;
			exceptions = (
				B5EC94562F9DFB1000F4B649 /* Exceptions for "ThriveWood" folder in "ThriveWood" target */,
				B579DB542FA47F0D0053BC85 /* Exceptions for "ThriveWood" folder in "ThriveWoodWidgetsExtension" target */,
			);
			path = ThriveWood;
			sourceTree = "<group>";
		};
		B579DB402FA47EC90053BC85 /* ThriveWoodWidgets */ = {
			isa = PBXFileSystemSynchronizedRootGroup;
			exceptions = (
				B579DB502FA47ECA0053BC85 /* Exceptions for "ThriveWoodWidgets" folder in "ThriveWoodWidgetsExtension" target */,
			);
			path = ThriveWoodWidgets;
			sourceTree = "<group>";
		};
/* End PBXFileSystemSynchronizedRootGroup section */

/* Begin PBXFrameworksBuildPhase section */
		AA00000500000000AA000005 /* Frameworks */ = {
			isa = PBXFrameworksBuildPhase;
			buildActionMask = 2147483647;
			files = (
			);
			runOnlyForDeploymentPostprocessing = 0;
		};
		B536FCB62F98EBE1009E5384 /* Frameworks */ = {
			isa = PBXFrameworksBuildPhase;
			buildActionMask = 2147483647;
			files = (
				B51DFC422FAF178900D8C101 /* Textual in Frameworks */,
			);
			runOnlyForDeploymentPostprocessing = 0;
		};
		B579DB372FA47EC90053BC85 /* Frameworks */ = {
			isa = PBXFrameworksBuildPhase;
			buildActionMask = 2147483647;
			files = (
				B579DB3F2FA47EC90053BC85 /* SwiftUI.framework in Frameworks */,
				B579DB3D2FA47EC90053BC85 /* WidgetKit.framework in Frameworks */,
			);
			runOnlyForDeploymentPostprocessing = 0;
		};
/* End PBXFrameworksBuildPhase section */

/* Begin PBXGroup section */
		B536FCB02F98EBE1009E5384 = {
			isa = PBXGroup;
			children = (
				B575A0A3301E2CB100580A43 /* Docs */,
				B579DB522FA47EF20053BC85 /* ThriveWoodWidgetsExtension.entitlements */,
				B575A087301E2C1500580A43 /* BentoUI */,
				B536FCBB2F98EBE1009E5384 /* ThriveWood */,
				B579DB402FA47EC90053BC85 /* ThriveWoodWidgets */,
				B579DB3B2FA47EC90053BC85 /* Frameworks */,
				B536FCBA2F98EBE1009E5384 /* Products */,
			);
			sourceTree = "<group>";
			usesTabs = 0;
		};
		B536FCBA2F98EBE1009E5384 /* Products */ = {
			isa = PBXGroup;
			children = (
				B536FCB92F98EBE1009E5384 /* ThriveWood.app */,
				B579DB3A2FA47EC90053BC85 /* ThriveWoodWidgetsExtension.appex */,
				AA00000100000000AA000001 /* GymPlanBuilder.app */,
			);
			name = Products;
			sourceTree = "<group>";
		};
		B575A082301E2C1500580A43 /* BentoUI */ = {
			isa = PBXGroup;
			children = (
				B575A06A301E2C1500580A43 /* BentoAdvancedControls.swift */,
				B575A06B301E2C1500580A43 /* BentoAdvancedDataDisplay.swift */,
				B575A06C301E2C1500580A43 /* BentoAdvancedExtensionDemo.swift */,
				B575A06D301E2C1500580A43 /* BentoAdvancedInputs.swift */,
				B575A06E301E2C1500580A43 /* BentoAdvancedLayout.swift */,
				B575A06F301E2C1500580A43 /* BentoAdvancedOverlays.swift */,
				B575A070301E2C1500580A43 /* BentoCommandPalette.swift */,
				B575A071301E2C1500580A43 /* BentoControls.swift */,
				B575A072301E2C1500580A43 /* BentoCreativeComponentsDemo.swift */,
				B575A073301E2C1500580A43 /* BentoCreativeControls.swift */,
				B575A074301E2C1500580A43 /* BentoCreativeDataDisplay.swift */,
				B575A075301E2C1500580A43 /* BentoCreativeSelection.swift */,
				B575A076301E2C1500580A43 /* BentoDataDisplay.swift */,
				B575A077301E2C1500580A43 /* BentoDesignSystemDemo.swift */,
				B575A078301E2C1500580A43 /* BentoFeedback.swift */,
				B575A079301E2C1500580A43 /* BentoFoundation.swift */,
				B575A07A301E2C1500580A43 /* BentoInputs.swift */,
				B575A07B301E2C1500580A43 /* BentoLayout.swift */,
				B575A07C301E2C1500580A43 /* BentoNavigation.swift */,
				B575A07D301E2C1500580A43 /* BentoSentenceForm.swift */,
				B575A07E301E2C1500580A43 /* BentoSentenceFormDemo.swift */,
				B575A07F301E2C1500580A43 /* BentoSentenceSelectionSheet.swift */,
				B575A080301E2C1500580A43 /* BentoTemplates.swift */,
				B575A081301E2C1500580A43 /* BentoUnifiedShowcase.swift */,
			);
			path = BentoUI;
			sourceTree = "<group>";
		};
		B575A083301E2C1500580A43 /* Sources */ = {
			isa = PBXGroup;
			children = (
				B575A082301E2C1500580A43 /* BentoUI */,
			);
			path = Sources;
			sourceTree = "<group>";
		};
		B575A087301E2C1500580A43 /* BentoUI */ = {
			isa = PBXGroup;
			children = (
				B575A083301E2C1500580A43 /* Sources */,
				B575A084301E2C1500580A43 /* .gitignore */,
				B575A085301E2C1500580A43 /* doc.md */,
				B575A086301E2C1500580A43 /* Package.swift */,
			);
			path = BentoUI;
			sourceTree = "<group>";
		};
		B575A0A3301E2CB100580A43 /* Docs */ = {
			isa = PBXGroup;
			children = (
				B518D8732FC71041007C257B /* HANDOFF.md */,
				B518D8742FC71041007C257B /* README.md */,
				B575A0A4301E2CC700580A43 /* BODY_PROGRESS_PLAN.md */,
				B575A0A5301E2CC700580A43 /* CURRENT.md */,
				B575A0A6301E2CC700580A43 /* FEATURES.md */,
				B575A0A7301E2CC700580A43 /* GPT-5.6-SOL-ANALYSIS.MD */,
				B575A0AC301E2CDB00580A43 /* HOW_TO_MODIFY_SWIFT_DATA.md */,
				B575A0AD301E2CDB00580A43 /* ROADMAP.md */,
				B575A0AE301E2CDB00580A43 /* SOCIAL.MD */,
				B575A0AF301E2CDB00580A43 /* STYLE_GUIDE.md */,
			);
			path = Docs;
			sourceTree = "<group>";
		};
		B579DB3B2FA47EC90053BC85 /* Frameworks */ = {
			isa = PBXGroup;
			children = (
				B579DB3C2FA47EC90053BC85 /* WidgetKit.framework */,
				B579DB3E2FA47EC90053BC85 /* SwiftUI.framework */,
			);
			name = Frameworks;
			sourceTree = "<group>";
		};
/* End PBXGroup section */

/* Begin PBXNativeTarget section */
		AA00000700000000AA000007 /* GymPlanBuilder */ = {
			isa = PBXNativeTarget;
			buildConfigurationList = AA00000A00000000AA00000A /* Build configuration list for PBXNativeTarget "GymPlanBuilder" */;
			buildPhases = (
				AA00000400000000AA000004 /* Sources */,
				AA00000500000000AA000005 /* Frameworks */,
				AA00000600000000AA000006 /* Resources */,
			);
			buildRules = (
			);
			dependencies = (
			);
			name = GymPlanBuilder;
			packageProductDependencies = (
			);
			productName = GymPlanBuilder;
			productReference = AA00000100000000AA000001 /* GymPlanBuilder.app */;
			productType = "com.apple.product-type.application";
		};
		B536FCB82F98EBE1009E5384 /* ThriveWood */ = {
			isa = PBXNativeTarget;
			buildConfigurationList = B536FCC62F98EBE2009E5384 /* Build configuration list for PBXNativeTarget "ThriveWood" */;
			buildPhases = (
				B536FCB52F98EBE1009E5384 /* Sources */,
				B536FCB62F98EBE1009E5384 /* Frameworks */,
				B536FCB72F98EBE1009E5384 /* Resources */,
				B579DB512FA47ECA0053BC85 /* Embed Foundation Extensions */,
			);
			buildRules = (
			);
			dependencies = (
				B579DB4B2FA47ECA0053BC85 /* PBXTargetDependency */,
			);
			fileSystemSynchronizedGroups = (
				B536FCBB2F98EBE1009E5384 /* ThriveWood */,
			);
			name = ThriveWood;
			packageProductDependencies = (
				B51DFC412FAF178900D8C101 /* Textual */,
			);
			productName = ThriveWood;
			productReference = B536FCB92F98EBE1009E5384 /* ThriveWood.app */;
			productType = "com.apple.product-type.application";
		};
		B579DB392FA47EC90053BC85 /* ThriveWoodWidgetsExtension */ = {
			isa = PBXNativeTarget;
			buildConfigurationList = B579DB4D2FA47ECA0053BC85 /* Build configuration list for PBXNativeTarget "ThriveWoodWidgetsExtension" */;
			buildPhases = (
				B579DB362FA47EC90053BC85 /* Sources */,
				B579DB372FA47EC90053BC85 /* Frameworks */,
				B579DB382FA47EC90053BC85 /* Resources */,
			);
			buildRules = (
			);
			dependencies = (
			);
			fileSystemSynchronizedGroups = (
				B579DB402FA47EC90053BC85 /* ThriveWoodWidgets */,
			);
			name = ThriveWoodWidgetsExtension;
			packageProductDependencies = (
			);
			productName = ThriveWoodWidgetsExtension;
			productReference = B579DB3A2FA47EC90053BC85 /* ThriveWoodWidgetsExtension.appex */;
			productType = "com.apple.product-type.app-extension";
		};
/* End PBXNativeTarget section */

/* Begin PBXProject section */
		B536FCB12F98EBE1009E5384 /* Project object */ = {
			isa = PBXProject;
			attributes = {
				BuildIndependentTargetsInParallel = 1;
				LastSwiftUpdateCheck = 2640;
				LastUpgradeCheck = 2640;
				TargetAttributes = {
					AA00000700000000AA000007 = {
						CreatedOnToolsVersion = 26.4.1;
					};
					B536FCB82F98EBE1009E5384 = {
						CreatedOnToolsVersion = 26.4.1;
					};
					B579DB392FA47EC90053BC85 = {
						CreatedOnToolsVersion = 26.4.1;
					};
				};
			};
			buildConfigurationList = B536FCB42F98EBE1009E5384 /* Build configuration list for PBXProject "ThriveWood" */;
			developmentRegion = en;
			hasScannedForEncodings = 0;
			knownRegions = (
				en,
				Base,
			);
			mainGroup = B536FCB02F98EBE1009E5384;
			minimizedProjectReferenceProxies = 1;
			packageReferences = (
				B51DFC402FAF178900D8C101 /* XCRemoteSwiftPackageReference "textual" */,
			);
			preferredProjectObjectVersion = 77;
			productRefGroup = B536FCBA2F98EBE1009E5384 /* Products */;
			projectDirPath = "";
			projectRoot = "";
			targets = (
				B536FCB82F98EBE1009E5384 /* ThriveWood */,
				B579DB392FA47EC90053BC85 /* ThriveWoodWidgetsExtension */,
				AA00000700000000AA000007 /* GymPlanBuilder */,
			);
		};
/* End PBXProject section */

/* Begin PBXResourcesBuildPhase section */
		AA00000600000000AA000006 /* Resources */ = {
			isa = PBXResourcesBuildPhase;
			buildActionMask = 2147483647;
			files = (
			);
			runOnlyForDeploymentPostprocessing = 0;
		};
		B536FCB72F98EBE1009E5384 /* Resources */ = {
			isa = PBXResourcesBuildPhase;
			buildActionMask = 2147483647;
			files = (
				B575A0A8301E2CC700580A43 /* FEATURES.md in Resources */,
				B575A0A9301E2CC700580A43 /* GPT-5.6-SOL-ANALYSIS.MD in Resources */,
				B575A0AA301E2CC700580A43 /* CURRENT.md in Resources */,
				B575A0AB301E2CC700580A43 /* BODY_PROGRESS_PLAN.md in Resources */,
				B518D8752FC71041007C257B /* README.md in Resources */,
				B575A0B0301E2CDB00580A43 /* SOCIAL.MD in Resources */,
				B575A0B1301E2CDB00580A43 /* HOW_TO_MODIFY_SWIFT_DATA.md in Resources */,
				B575A0B2301E2CDB00580A43 /* STYLE_GUIDE.md in Resources */,
				B575A0B3301E2CDB00580A43 /* ROADMAP.md in Resources */,
				B575A0A1301E2C1500580A43 /* doc.md in Resources */,
				B575A0A2301E2C1500580A43 /* .gitignore in Resources */,
				B518D8762FC71041007C257B /* HANDOFF.md in Resources */,
			);
			runOnlyForDeploymentPostprocessing = 0;
		};
		B579DB382FA47EC90053BC85 /* Resources */ = {
			isa = PBXResourcesBuildPhase;
			buildActionMask = 2147483647;
			files = (
			);
			runOnlyForDeploymentPostprocessing = 0;
		};
/* End PBXResourcesBuildPhase section */

/* Begin PBXSourcesBuildPhase section */
		AA00000400000000AA000004 /* Sources */ = {
			isa = PBXSourcesBuildPhase;
			buildActionMask = 2147483647;
			files = (
			);
			runOnlyForDeploymentPostprocessing = 0;
		};
		B536FCB52F98EBE1009E5384 /* Sources */ = {
			isa = PBXSourcesBuildPhase;
			buildActionMask = 2147483647;
			files = (
				B575A088301E2C1500580A43 /* BentoCommandPalette.swift in Sources */,
				B575A089301E2C1500580A43 /* BentoAdvancedControls.swift in Sources */,
				B575A08A301E2C1500580A43 /* BentoNavigation.swift in Sources */,
				B575A08B301E2C1500580A43 /* BentoInputs.swift in Sources */,
				B575A08C301E2C1500580A43 /* BentoSentenceForm.swift in Sources */,
				B575A08D301E2C1500580A43 /* BentoAdvancedInputs.swift in Sources */,
				B575A08E301E2C1500580A43 /* BentoCreativeDataDisplay.swift in Sources */,
				B575A08F301E2C1500580A43 /* BentoDataDisplay.swift in Sources */,
				B575A090301E2C1500580A43 /* BentoCreativeControls.swift in Sources */,
				B575A091301E2C1500580A43 /* Package.swift in Sources */,
				B575A092301E2C1500580A43 /* BentoControls.swift in Sources */,
				B575A093301E2C1500580A43 /* BentoTemplates.swift in Sources */,
				B575A094301E2C1500580A43 /* BentoAdvancedDataDisplay.swift in Sources */,
				B575A095301E2C1500580A43 /* BentoAdvancedExtensionDemo.swift in Sources */,
				B575A096301E2C1500580A43 /* BentoFeedback.swift in Sources */,
				B575A097301E2C1500580A43 /* BentoFoundation.swift in Sources */,
				B575A098301E2C1500580A43 /* BentoAdvancedLayout.swift in Sources */,
				B575A099301E2C1500580A43 /* BentoDesignSystemDemo.swift in Sources */,
				B575A09A301E2C1500580A43 /* BentoCreativeSelection.swift in Sources */,
				B575A09B301E2C1500580A43 /* BentoLayout.swift in Sources */,
				B575A09C301E2C1500580A43 /* BentoSentenceFormDemo.swift in Sources */,
				B575A09D301E2C1500580A43 /* BentoSentenceSelectionSheet.swift in Sources */,
				B575A09E301E2C1500580A43 /* BentoAdvancedOverlays.swift in Sources */,
				B575A09F301E2C1500580A43 /* BentoUnifiedShowcase.swift in Sources */,
				B575A0A0301E2C1500580A43 /* BentoCreativeComponentsDemo.swift in Sources */,
			);
			runOnlyForDeploymentPostprocessing = 0;
		};
		B579DB362FA47EC90053BC85 /* Sources */ = {
			isa = PBXSourcesBuildPhase;
			buildActionMask = 2147483647;
			files = (
			);
			runOnlyForDeploymentPostprocessing = 0;
		};
/* End PBXSourcesBuildPhase section */

/* Begin PBXTargetDependency section */
		B579DB4B2FA47ECA0053BC85 /* PBXTargetDependency */ = {
			isa = PBXTargetDependency;
			target = B579DB392FA47EC90053BC85 /* ThriveWoodWidgetsExtension */;
			targetProxy = B579DB4A2FA47ECA0053BC85 /* PBXContainerItemProxy */;
		};
/* End PBXTargetDependency section */

/* Begin XCBuildConfiguration section */
		AA00000800000000AA000008 /* Debug */ = {
			isa = XCBuildConfiguration;
			buildSettings = {
				ASSETCATALOG_COMPILER_APPICON_NAME = AppIcon;
				ASSETCATALOG_COMPILER_GLOBAL_ACCENT_COLOR_NAME = AccentColor;
				CODE_SIGN_STYLE = Automatic;
				CURRENT_PROJECT_VERSION = 289;
				DEVELOPMENT_TEAM = U5XU7Z3LFF;
				ENABLE_PREVIEWS = YES;
				GENERATE_INFOPLIST_FILE = YES;
				INFOPLIST_KEY_CFBundleDisplayName = GymPlanBuilder;
				INFOPLIST_KEY_LSApplicationCategoryType = "public.app-category.developer-tools";
				INFOPLIST_KEY_NSPrincipalClass = NSApplication;
				LD_RUNPATH_SEARCH_PATHS = (
					"$(inherited)",
					"@executable_path/../Frameworks",
				);
				MACOSX_DEPLOYMENT_TARGET = 14.0;
				MARKETING_VERSION = 1.0;
				PRODUCT_BUNDLE_IDENTIFIER = com.bensiebert.ThriveWood.GymPlanBuilder;
				PRODUCT_NAME = GymPlanBuilder;
				SDKROOT = macosx;
				SUPPORTED_PLATFORMS = macosx;
				SWIFT_APPROACHABLE_CONCURRENCY = YES;
				SWIFT_EMIT_LOC_STRINGS = YES;
				SWIFT_VERSION = 5.0;
			};
			name = Debug;
		};
		AA00000900000000AA000009 /* Release */ = {
			isa = XCBuildConfiguration;
			buildSettings = {
				ASSETCATALOG_COMPILER_APPICON_NAME = AppIcon;
				ASSETCATALOG_COMPILER_GLOBAL_ACCENT_COLOR_NAME = AccentColor;
				CODE_SIGN_STYLE = Automatic;
				CURRENT_PROJECT_VERSION = 289;
				DEVELOPMENT_TEAM = U5XU7Z3LFF;
				ENABLE_PREVIEWS = YES;
				GENERATE_INFOPLIST_FILE = YES;
				INFOPLIST_KEY_CFBundleDisplayName = GymPlanBuilder;
				INFOPLIST_KEY_LSApplicationCategoryType = "public.app-category.developer-tools";
				INFOPLIST_KEY_NSPrincipalClass = NSApplication;
				LD_RUNPATH_SEARCH_PATHS = (
					"$(inherited)",
					"@executable_path/../Frameworks",
				);
				MACOSX_DEPLOYMENT_TARGET = 14.0;
				MARKETING_VERSION = 1.0;
				PRODUCT_BUNDLE_IDENTIFIER = com.bensiebert.ThriveWood.GymPlanBuilder;
				PRODUCT_NAME = GymPlanBuilder;
				SDKROOT = macosx;
				SUPPORTED_PLATFORMS = macosx;
				SWIFT_APPROACHABLE_CONCURRENCY = YES;
				SWIFT_EMIT_LOC_STRINGS = YES;
				SWIFT_VERSION = 5.0;
			};
			name = Release;
		};
		B536FCC42F98EBE2009E5384 /* Debug */ = {
			isa = XCBuildConfiguration;
			buildSettings = {
				ALWAYS_SEARCH_USER_PATHS = NO;
				ASSETCATALOG_COMPILER_GENERATE_SWIFT_ASSET_SYMBOL_EXTENSIONS = YES;
				CLANG_ANALYZER_NONNULL = YES;
				CLANG_ANALYZER_NUMBER_OBJECT_CONVERSION = YES_AGGRESSIVE;
				CLANG_CXX_LANGUAGE_STANDARD = "gnu++20";
				CLANG_ENABLE_MODULES = YES;
				CLANG_ENABLE_OBJC_ARC = YES;
				CLANG_ENABLE_OBJC_WEAK = YES;
				CLANG_WARN_BLOCK_CAPTURE_AUTORELEASING = YES;
				CLANG_WARN_BOOL_CONVERSION = YES;
				CLANG_WARN_COMMA = YES;
				CLANG_WARN_CONSTANT_CONVERSION = YES;
				CLANG_WARN_DEPRECATED_OBJC_IMPLEMENTATIONS = YES;
				CLANG_WARN_DIRECT_OBJC_ISA_USAGE = YES_ERROR;
				CLANG_WARN_DOCUMENTATION_COMMENTS = YES;
				CLANG_WARN_EMPTY_BODY = YES;
				CLANG_WARN_ENUM_CONVERSION = YES;
				CLANG_WARN_INFINITE_RECURSION = YES;
				CLANG_WARN_INT_CONVERSION = YES;
				CLANG_WARN_NON_LITERAL_NULL_CONVERSION = YES;
				CLANG_WARN_OBJC_IMPLICIT_RETAIN_SELF = YES;
				CLANG_WARN_OBJC_LITERAL_CONVERSION = YES;
				CLANG_WARN_OBJC_ROOT_CLASS = YES_ERROR;
				CLANG_WARN_QUOTED_INCLUDE_IN_FRAMEWORK_HEADER = YES;
				CLANG_WARN_RANGE_LOOP_ANALYSIS = YES;
				CLANG_WARN_STRICT_PROTOTYPES = YES;
				CLANG_WARN_SUSPICIOUS_MOVE = YES;
				CLANG_WARN_UNGUARDED_AVAILABILITY = YES_AGGRESSIVE;
				CLANG_WARN_UNREACHABLE_CODE = YES;
				CLANG_WARN__DUPLICATE_METHOD_MATCH = YES;
				COPY_PHASE_STRIP = NO;
				DEBUG_INFORMATION_FORMAT = dwarf;
				DEVELOPMENT_TEAM = U5XU7Z3LFF;
				ENABLE_STRICT_OBJC_MSGSEND = YES;
				ENABLE_TESTABILITY = YES;
				ENABLE_USER_SCRIPT_SANDBOXING = YES;
				GCC_C_LANGUAGE_STANDARD = gnu17;
				GCC_DYNAMIC_NO_PIC = NO;
				GCC_NO_COMMON_BLOCKS = YES;
				GCC_OPTIMIZATION_LEVEL = 0;
				GCC_PREPROCESSOR_DEFINITIONS = (
					"DEBUG=1",
					"$(inherited)",
				);
				GCC_WARN_64_TO_32_BIT_CONVERSION = YES;
				GCC_WARN_ABOUT_RETURN_TYPE = YES_ERROR;
				GCC_WARN_UNDECLARED_SELECTOR = YES;
				GCC_WARN_UNINITIALIZED_AUTOS = YES_AGGRESSIVE;
				GCC_WARN_UNUSED_FUNCTION = YES;
				GCC_WARN_UNUSED_VARIABLE = YES;
				IPHONEOS_DEPLOYMENT_TARGET = 26.4;
				LOCALIZATION_PREFERS_STRING_CATALOGS = YES;
				MTL_ENABLE_DEBUG_INFO = INCLUDE_SOURCE;
				MTL_FAST_MATH = YES;
				ONLY_ACTIVE_ARCH = YES;
				SDKROOT = iphoneos;
				SWIFT_ACTIVE_COMPILATION_CONDITIONS = "DEBUG $(inherited)";
				SWIFT_OPTIMIZATION_LEVEL = "-Onone";
			};
			name = Debug;
		};
		B536FCC52F98EBE2009E5384 /* Release */ = {
			isa = XCBuildConfiguration;
			buildSettings = {
				ALWAYS_SEARCH_USER_PATHS = NO;
				ASSETCATALOG_COMPILER_GENERATE_SWIFT_ASSET_SYMBOL_EXTENSIONS = YES;
				CLANG_ANALYZER_NONNULL = YES;
				CLANG_ANALYZER_NUMBER_OBJECT_CONVERSION = YES_AGGRESSIVE;
				CLANG_CXX_LANGUAGE_STANDARD = "gnu++20";
				CLANG_ENABLE_MODULES = YES;
				CLANG_ENABLE_OBJC_ARC = YES;
				CLANG_ENABLE_OBJC_WEAK = YES;
				CLANG_WARN_BLOCK_CAPTURE_AUTORELEASING = YES;
				CLANG_WARN_BOOL_CONVERSION = YES;
				CLANG_WARN_COMMA = YES;
				CLANG_WARN_CONSTANT_CONVERSION = YES;
				CLANG_WARN_DEPRECATED_OBJC_IMPLEMENTATIONS = YES;
				CLANG_WARN_DIRECT_OBJC_ISA_USAGE = YES_ERROR;
				CLANG_WARN_DOCUMENTATION_COMMENTS = YES;
				CLANG_WARN_EMPTY_BODY = YES;
				CLANG_WARN_ENUM_CONVERSION = YES;
				CLANG_WARN_INFINITE_RECURSION = YES;
				CLANG_WARN_INT_CONVERSION = YES;
				CLANG_WARN_NON_LITERAL_NULL_CONVERSION = YES;
				CLANG_WARN_OBJC_IMPLICIT_RETAIN_SELF = YES;
				CLANG_WARN_OBJC_LITERAL_CONVERSION = YES;
				CLANG_WARN_OBJC_ROOT_CLASS = YES_ERROR;
				CLANG_WARN_QUOTED_INCLUDE_IN_FRAMEWORK_HEADER = YES;
				CLANG_WARN_RANGE_LOOP_ANALYSIS = YES;
				CLANG_WARN_STRICT_PROTOTYPES = YES;
				CLANG_WARN_SUSPICIOUS_MOVE = YES;
				CLANG_WARN_UNGUARDED_AVAILABILITY = YES_AGGRESSIVE;
				CLANG_WARN_UNREACHABLE_CODE = YES;
				CLANG_WARN__DUPLICATE_METHOD_MATCH = YES;
				COPY_PHASE_STRIP = NO;
				DEBUG_INFORMATION_FORMAT = "dwarf-with-dsym";
				DEVELOPMENT_TEAM = U5XU7Z3LFF;
				ENABLE_NS_ASSERTIONS = NO;
				ENABLE_STRICT_OBJC_MSGSEND = YES;
				ENABLE_USER_SCRIPT_SANDBOXING = YES;
				GCC_C_LANGUAGE_STANDARD = gnu17;
				GCC_NO_COMMON_BLOCKS = YES;
				GCC_WARN_64_TO_32_BIT_CONVERSION = YES;
				GCC_WARN_ABOUT_RETURN_TYPE = YES_ERROR;
				GCC_WARN_UNDECLARED_SELECTOR = YES;
				GCC_WARN_UNINITIALIZED_AUTOS = YES_AGGRESSIVE;
				GCC_WARN_UNUSED_FUNCTION = YES;
				GCC_WARN_UNUSED_VARIABLE = YES;
				IPHONEOS_DEPLOYMENT_TARGET = 26.4;
				LOCALIZATION_PREFERS_STRING_CATALOGS = YES;
				MTL_ENABLE_DEBUG_INFO = NO;
				MTL_FAST_MATH = YES;
				SDKROOT = iphoneos;
				SWIFT_COMPILATION_MODE = wholemodule;
				VALIDATE_PRODUCT = YES;
			};
			name = Release;
		};
		B536FCC72F98EBE2009E5384 /* Debug */ = {
			isa = XCBuildConfiguration;
			buildSettings = {
				ASSETCATALOG_COMPILER_APPICON_NAME = AppIcon;
				ASSETCATALOG_COMPILER_GLOBAL_ACCENT_COLOR_NAME = AccentColor;
				ASSETCATALOG_COMPILER_INCLUDE_ALL_APPICON_ASSETS = YES;
				CODE_SIGN_ENTITLEMENTS = ThriveWood/ThriveWood.entitlements;
				CODE_SIGN_STYLE = Automatic;
				CURRENT_PROJECT_VERSION = 289;
				DEVELOPMENT_TEAM = U5XU7Z3LFF;
				ENABLE_PREVIEWS = YES;
				GENERATE_INFOPLIST_FILE = YES;
				INFOPLIST_FILE = ThriveWood/Info.plist;
				INFOPLIST_KEY_CFBundleDisplayName = ThriveWood;
				INFOPLIST_KEY_LSApplicationCategoryType = "public.app-category.lifestyle";
				INFOPLIST_KEY_NSCameraUsageDescription = "ThriveWood nutzt deine Kamera um Barcodes zu scannen";
				INFOPLIST_KEY_NSFaceIDUsageDescription = "ThriveWood benötigt deine FaceID, um Körper-Fortschrittsdaten zu schützen.";
				INFOPLIST_KEY_NSHealthShareUsageDescription = "ThriveWood zeigt dir Schritte und Kalorien in der Analyse an.";
				INFOPLIST_KEY_NSHealthUpdateUsageDescription = "ThriveWood speichert deine Workouts in Apple Health.";
				INFOPLIST_KEY_NSLocationAlwaysAndWhenInUseUsageDescription = "ThriveWood benötigt deinen Standort, um die zurückgelegte Distanz während Cardio-übbungen wie Laufen oder Radfahren zu tracken.";
				INFOPLIST_KEY_NSLocationWhenInUseUsageDescription = "ThriveWood benötigt deinen Standort, um die zurückgelegte Distanz während Cardio-Übungen wie Laufen oder Radfahren zu tracken.";
				INFOPLIST_KEY_NSSupportsLiveActivities = YES;
				INFOPLIST_KEY_UIApplicationSceneManifest_Generation = YES;
				INFOPLIST_KEY_UIApplicationSupportsIndirectInputEvents = YES;
				INFOPLIST_KEY_UILaunchScreen_Generation = YES;
				INFOPLIST_KEY_UISupportedInterfaceOrientations = UIInterfaceOrientationPortrait;
				INFOPLIST_KEY_UISupportedInterfaceOrientations_iPad = "UIInterfaceOrientationLandscapeLeft UIInterfaceOrientationLandscapeRight UIInterfaceOrientationPortrait UIInterfaceOrientationPortraitUpsideDown";
				LD_RUNPATH_SEARCH_PATHS = (
					"$(inherited)",
					"@executable_path/Frameworks",
				);
				MARKETING_VERSION = 1.1;
				PRODUCT_BUNDLE_IDENTIFIER = com.bensiebert.ThriveWood;
				PRODUCT_NAME = "$(TARGET_NAME)";
				STRING_CATALOG_GENERATE_SYMBOLS = YES;
				SUPPORTED_PLATFORMS = "iphoneos iphonesimulator";
				SUPPORTS_MACCATALYST = NO;
				SUPPORTS_MAC_DESIGNED_FOR_IPHONE_IPAD = NO;
				SUPPORTS_XR_DESIGNED_FOR_IPHONE_IPAD = NO;
				SWIFT_APPROACHABLE_CONCURRENCY = YES;
				SWIFT_DEFAULT_ACTOR_ISOLATION = MainActor;
				SWIFT_EMIT_LOC_STRINGS = YES;
				SWIFT_UPCOMING_FEATURE_MEMBER_IMPORT_VISIBILITY = YES;
				SWIFT_VERSION = 5.0;
				TARGETED_DEVICE_FAMILY = 1;
				VERSIONING_SYSTEM = "apple-generic";
			};
			name = Debug;
		};
		B536FCC82F98EBE2009E5384 /* Release */ = {
			isa = XCBuildConfiguration;
			buildSettings = {
				ASSETCATALOG_COMPILER_APPICON_NAME = AppIcon;
				ASSETCATALOG_COMPILER_GLOBAL_ACCENT_COLOR_NAME = AccentColor;
				ASSETCATALOG_COMPILER_INCLUDE_ALL_APPICON_ASSETS = YES;
				CODE_SIGN_ENTITLEMENTS = ThriveWood/ThriveWood.entitlements;
				CODE_SIGN_STYLE = Automatic;
				CURRENT_PROJECT_VERSION = 289;
				DEVELOPMENT_TEAM = U5XU7Z3LFF;
				ENABLE_PREVIEWS = YES;
				GENERATE_INFOPLIST_FILE = YES;
				INFOPLIST_FILE = ThriveWood/Info.plist;
				INFOPLIST_KEY_CFBundleDisplayName = ThriveWood;
				INFOPLIST_KEY_LSApplicationCategoryType = "public.app-category.lifestyle";
				INFOPLIST_KEY_NSCameraUsageDescription = "ThriveWood nutzt deine Kamera um Barcodes zu scannen";
				INFOPLIST_KEY_NSFaceIDUsageDescription = "ThriveWood benötigt deine FaceID, um Körper-Fortschrittsdaten zu schützen.";
				INFOPLIST_KEY_NSHealthShareUsageDescription = "ThriveWood zeigt dir Schritte und Kalorien in der Analyse an.";
				INFOPLIST_KEY_NSHealthUpdateUsageDescription = "ThriveWood speichert deine Workouts in Apple Health.";
				INFOPLIST_KEY_NSLocationAlwaysAndWhenInUseUsageDescription = "ThriveWood benötigt deinen Standort, um die zurückgelegte Distanz während Cardio-übbungen wie Laufen oder Radfahren zu tracken.";
				INFOPLIST_KEY_NSLocationWhenInUseUsageDescription = "ThriveWood benötigt deinen Standort, um die zurückgelegte Distanz während Cardio-Übungen wie Laufen oder Radfahren zu tracken.";
				INFOPLIST_KEY_NSSupportsLiveActivities = YES;
				INFOPLIST_KEY_UIApplicationSceneManifest_Generation = YES;
				INFOPLIST_KEY_UIApplicationSupportsIndirectInputEvents = YES;
				INFOPLIST_KEY_UILaunchScreen_Generation = YES;
				INFOPLIST_KEY_UISupportedInterfaceOrientations = UIInterfaceOrientationPortrait;
				INFOPLIST_KEY_UISupportedInterfaceOrientations_iPad = "UIInterfaceOrientationLandscapeLeft UIInterfaceOrientationLandscapeRight UIInterfaceOrientationPortrait UIInterfaceOrientationPortraitUpsideDown";
				LD_RUNPATH_SEARCH_PATHS = (
					"$(inherited)",
					"@executable_path/Frameworks",
				);
				MARKETING_VERSION = 1.1;
				PRODUCT_BUNDLE_IDENTIFIER = com.bensiebert.ThriveWood;
				PRODUCT_NAME = "$(TARGET_NAME)";
				STRING_CATALOG_GENERATE_SYMBOLS = YES;
				SUPPORTED_PLATFORMS = "iphoneos iphonesimulator";
				SUPPORTS_MACCATALYST = NO;
				SUPPORTS_MAC_DESIGNED_FOR_IPHONE_IPAD = NO;
				SUPPORTS_XR_DESIGNED_FOR_IPHONE_IPAD = NO;
				SWIFT_APPROACHABLE_CONCURRENCY = YES;
				SWIFT_DEFAULT_ACTOR_ISOLATION = MainActor;
				SWIFT_EMIT_LOC_STRINGS = YES;
				SWIFT_UPCOMING_FEATURE_MEMBER_IMPORT_VISIBILITY = YES;
				SWIFT_VERSION = 5.0;
				TARGETED_DEVICE_FAMILY = 1;
				VERSIONING_SYSTEM = "apple-generic";
			};
			name = Release;
		};
		B579DB4E2FA47ECA0053BC85 /* Debug */ = {
			isa = XCBuildConfiguration;
			buildSettings = {
				ASSETCATALOG_COMPILER_GLOBAL_ACCENT_COLOR_NAME = AccentColor;
				ASSETCATALOG_COMPILER_WIDGET_BACKGROUND_COLOR_NAME = WidgetBackground;
				CODE_SIGN_ENTITLEMENTS = ThriveWoodWidgetsExtension.entitlements;
				CODE_SIGN_STYLE = Automatic;
				CURRENT_PROJECT_VERSION = 289;
				DEVELOPMENT_TEAM = U5XU7Z3LFF;
				GENERATE_INFOPLIST_FILE = YES;
				INFOPLIST_FILE = ThriveWoodWidgets/Info.plist;
				INFOPLIST_KEY_CFBundleDisplayName = ThriveWoodWidgets;
				INFOPLIST_KEY_NSHumanReadableCopyright = "";
				INFOPLIST_KEY_NSSupportsLiveActivities = YES;
				LD_RUNPATH_SEARCH_PATHS = (
					"$(inherited)",
					"@executable_path/Frameworks",
					"@executable_path/../../Frameworks",
				);
				MARKETING_VERSION = 1.0;
				PRODUCT_BUNDLE_IDENTIFIER = com.bensiebert.ThriveWood.ThriveWoodWidgets;
				PRODUCT_NAME = "$(TARGET_NAME)";
				SKIP_INSTALL = YES;
				STRING_CATALOG_GENERATE_SYMBOLS = YES;
				SUPPORTED_PLATFORMS = "iphoneos iphonesimulator";
				SUPPORTS_MACCATALYST = NO;
				SUPPORTS_MAC_DESIGNED_FOR_IPHONE_IPAD = NO;
				SUPPORTS_XR_DESIGNED_FOR_IPHONE_IPAD = NO;
				SWIFT_APPROACHABLE_CONCURRENCY = YES;
				SWIFT_EMIT_LOC_STRINGS = YES;
				SWIFT_UPCOMING_FEATURE_MEMBER_IMPORT_VISIBILITY = YES;
				SWIFT_VERSION = 5.0;
				TARGETED_DEVICE_FAMILY = 1;
			};
			name = Debug;
		};
		B579DB4F2FA47ECA0053BC85 /* Release */ = {
			isa = XCBuildConfiguration;
			buildSettings = {
				ASSETCATALOG_COMPILER_GLOBAL_ACCENT_COLOR_NAME = AccentColor;
				ASSETCATALOG_COMPILER_WIDGET_BACKGROUND_COLOR_NAME = WidgetBackground;
				CODE_SIGN_ENTITLEMENTS = ThriveWoodWidgetsExtension.entitlements;
				CODE_SIGN_STYLE = Automatic;
				CURRENT_PROJECT_VERSION = 289;
				DEVELOPMENT_TEAM = U5XU7Z3LFF;
				GENERATE_INFOPLIST_FILE = YES;
				INFOPLIST_FILE = ThriveWoodWidgets/Info.plist;
				INFOPLIST_KEY_CFBundleDisplayName = ThriveWoodWidgets;
				INFOPLIST_KEY_NSHumanReadableCopyright = "";
				INFOPLIST_KEY_NSSupportsLiveActivities = YES;
				LD_RUNPATH_SEARCH_PATHS = (
					"$(inherited)",
					"@executable_path/Frameworks",
					"@executable_path/../../Frameworks",
				);
				MARKETING_VERSION = 1.0;
				PRODUCT_BUNDLE_IDENTIFIER = com.bensiebert.ThriveWood.ThriveWoodWidgets;
				PRODUCT_NAME = "$(TARGET_NAME)";
				SKIP_INSTALL = YES;
				STRING_CATALOG_GENERATE_SYMBOLS = YES;
				SUPPORTED_PLATFORMS = "iphoneos iphonesimulator";
				SUPPORTS_MACCATALYST = NO;
				SUPPORTS_MAC_DESIGNED_FOR_IPHONE_IPAD = NO;
				SUPPORTS_XR_DESIGNED_FOR_IPHONE_IPAD = NO;
				SWIFT_APPROACHABLE_CONCURRENCY = YES;
				SWIFT_EMIT_LOC_STRINGS = YES;
				SWIFT_UPCOMING_FEATURE_MEMBER_IMPORT_VISIBILITY = YES;
				SWIFT_VERSION = 5.0;
				TARGETED_DEVICE_FAMILY = 1;
			};
			name = Release;
		};
/* End XCBuildConfiguration section */

/* Begin XCConfigurationList section */
		AA00000A00000000AA00000A /* Build configuration list for PBXNativeTarget "GymPlanBuilder" */ = {
			isa = XCConfigurationList;
			buildConfigurations = (
				AA00000800000000AA000008 /* Debug */,
				AA00000900000000AA000009 /* Release */,
			);
			defaultConfigurationIsVisible = 0;
			defaultConfigurationName = Release;
		};
		B536FCB42F98EBE1009E5384 /* Build configuration list for PBXProject "ThriveWood" */ = {
			isa = XCConfigurationList;
			buildConfigurations = (
				B536FCC42F98EBE2009E5384 /* Debug */,
				B536FCC52F98EBE2009E5384 /* Release */,
			);
			defaultConfigurationIsVisible = 0;
			defaultConfigurationName = Release;
		};
		B536FCC62F98EBE2009E5384 /* Build configuration list for PBXNativeTarget "ThriveWood" */ = {
			isa = XCConfigurationList;
			buildConfigurations = (
				B536FCC72F98EBE2009E5384 /* Debug */,
				B536FCC82F98EBE2009E5384 /* Release */,
			);
			defaultConfigurationIsVisible = 0;
			defaultConfigurationName = Release;
		};
		B579DB4D2FA47ECA0053BC85 /* Build configuration list for PBXNativeTarget "ThriveWoodWidgetsExtension" */ = {
			isa = XCConfigurationList;
			buildConfigurations = (
				B579DB4E2FA47ECA0053BC85 /* Debug */,
				B579DB4F2FA47ECA0053BC85 /* Release */,
			);
			defaultConfigurationIsVisible = 0;
			defaultConfigurationName = Release;
		};
/* End XCConfigurationList section */

/* Begin XCRemoteSwiftPackageReference section */
		B51DFC402FAF178900D8C101 /* XCRemoteSwiftPackageReference "textual" */ = {
			isa = XCRemoteSwiftPackageReference;
			repositoryURL = "https://github.com/gonzalezreal/textual";
			requirement = {
				kind = upToNextMajorVersion;
				minimumVersion = 0.3.1;
			};
		};
/* End XCRemoteSwiftPackageReference section */

/* Begin XCSwiftPackageProductDependency section */
		B51DFC412FAF178900D8C101 /* Textual */ = {
			isa = XCSwiftPackageProductDependency;
			package = B51DFC402FAF178900D8C101 /* XCRemoteSwiftPackageReference "textual" */;
			productName = Textual;
		};
/* End XCSwiftPackageProductDependency section */
	};
	rootObject = B536FCB12F98EBE1009E5384 /* Project object */;
}
